// !$*UTF8*$!
{
	archiveVersion = 1;
	classes = {
	};
	objectVersion = 54;
	objects = {

/* Begin PBXBuildFile section */
		A1116ECA269E3EFD003B3C3F /* lsr.swift in Sources */ = {isa = PBXBuildFile; fileRef = A1116EC9269E3EFD003B3C3F /* lsr.swift */; };
		A12484D82672A762009E07AB /* main.swift in Sources */ = {isa = PBXBuildFile; fileRef = A12484D72672A762009E07AB /* main.swift */; };
		A12484DF2672A800009E07AB /* cpu.swift in Sources */ = {isa = PBXBuildFile; fileRef = A12484DE2672A800009E07AB /* cpu.swift */; };
		A134710A269DB99900F7842E /* sbc.swift in Sources */ = {isa = PBXBuildFile; fileRef = A1347109269DB99900F7842E /* sbc.swift */; };
		A134710C269DBC4500F7842E /* cmp.swift in Sources */ = {isa = PBXBuildFile; fileRef = A134710B269DBC4500F7842E /* cmp.swift */; };
		A1389B022698907C00824375 /* asl.swift in Sources */ = {isa = PBXBuildFile; fileRef = A1389B012698907C00824375 /* asl.swift */; };
		A13D9802269786580075126B /* lda.swift in Sources */ = {isa = PBXBuildFile; fileRef = A13D9801269786580075126B /* lda.swift */; };
		A13D9804269794720075126B /* ldx.swift in Sources */ = {isa = PBXBuildFile; fileRef = A13D9803269794720075126B /* ldx.swift */; };
		A13D9806269794DA0075126B /* ldy.swift in Sources */ = {isa = PBXBuildFile; fileRef = A13D9805269794DA0075126B /* ldy.swift */; };
		A13D9808269794EE0075126B /* sta.swift in Sources */ = {isa = PBXBuildFile; fileRef = A13D9807269794EE0075126B /* sta.swift */; };
		A13D980A269794FF0075126B /* jmp.swift in Sources */ = {isa = PBXBuildFile; fileRef = A13D9809269794FF0075126B /* jmp.swift */; };
		A13D980C26979D280075126B /* stx.swift in Sources */ = {isa = PBXBuildFile; fileRef = A13D980B26979D280075126B /* stx.swift */; };
		A13D980E26979DCE0075126B /* sty.swift in Sources */ = {isa = PBXBuildFile; fileRef = A13D980D26979DCE0075126B /* sty.swift */; };
		A13D98172697AD290075126B /* source.swift in Sources */ = {isa = PBXBuildFile; fileRef = A13D98162697AD290075126B /* source.swift */; };
		A13D981A269855C80075126B /* adc.swift in Sources */ = {isa = PBXBuildFile; fileRef = A13D9819269855C80075126B /* adc.swift */; };
		A13D981C26988B750075126B /* and.swift in Sources */ = {isa = PBXBuildFile; fileRef = A13D981B26988B750075126B /* and.swift */; };
		A17E5D66269C8A6C00EF04E2 /* transfer.swift in Sources */ = {isa = PBXBuildFile; fileRef = A17E5D65269C8A6C00EF04E2 /* transfer.swift */; };
		A17E5D68269C8C0F00EF04E2 /* branch.swift in Sources */ = {isa = PBXBuildFile; fileRef = A17E5D67269C8C0F00EF04E2 /* branch.swift */; };
		A1ACC00A26A30A6700A93EA8 /* inc.swift in Sources */ = {isa = PBXBuildFile; fileRef = A1ACC00926A30A6700A93EA8 /* inc.swift */; };
		A1ACC00C26A311BC00A93EA8 /* dec.swift in Sources */ = {isa = PBXBuildFile; fileRef = A1ACC00B26A311BC00A93EA8 /* dec.swift */; };
		A1B74DE6269DB4B9009E1B42 /* eor.swift in Sources */ = {isa = PBXBuildFile; fileRef = A1B74DE5269DB4B9009E1B42 /* eor.swift */; };
		A1B74DE8269DB771009E1B42 /* ora.swift in Sources */ = {isa = PBXBuildFile; fileRef = A1B74DE7269DB771009E1B42 /* ora.swift */; };
		A1B74DEA269DB7F1009E1B42 /* bit.swift in Sources */ = {isa = PBXBuildFile; fileRef = A1B74DE9269DB7F1009E1B42 /* bit.swift */; };
		A1FDA216269CD89E009B2EB3 /* status.swift in Sources */ = {isa = PBXBuildFile; fileRef = A1FDA215269CD89E009B2EB3 /* status.swift */; };
/* End PBXBuildFile section */

/* Begin PBXCopyFilesBuildPhase section */
		A12484D22672A761009E07AB /* CopyFiles */ = {
			isa = PBXCopyFilesBuildPhase;
			buildActionMask = 2147483647;
			dstPath = /usr/share/man/man1/;
			dstSubfolderSpec = 0;
			files = (
			);
			runOnlyForDeploymentPostprocessing = 1;
		};
/* End PBXCopyFilesBuildPhase section */

/* Begin PBXFileReference section */
		A1116EC9269E3EFD003B3C3F /* lsr.swift */ = {isa = PBXFileReference; lastKnownFileType = sourcecode.swift; path = lsr.swift; sourceTree = "<group>"; };
		A12484D42672A762009E07AB /* Swift6502 */ = {isa = PBXFileReference; explicitFileType = "compiled.mach-o.executable"; includeInIndex = 0; path = Swift6502; sourceTree = BUILT_PRODUCTS_DIR; };
		A12484D72672A762009E07AB /* main.swift */ = {isa = PBXFileReference; lastKnownFileType = sourcecode.swift; path = main.swift; sourceTree = "<group>"; };
		A12484DE2672A800009E07AB /* cpu.swift */ = {isa = PBXFileReference; lastKnownFileType = sourcecode.swift; path = cpu.swift; sourceTree = "<group>"; };
		A1347109269DB99900F7842E /* sbc.swift */ = {isa = PBXFileReference; lastKnownFileType = sourcecode.swift; path = sbc.swift; sourceTree = "<group>"; };
		A134710B269DBC4500F7842E /* cmp.swift */ = {isa = PBXFileReference; lastKnownFileType = sourcecode.swift; path = cmp.swift; sourceTree = "<group>"; };
		A1389B012698907C00824375 /* asl.swift */ = {isa = PBXFileReference; lastKnownFileType = sourcecode.swift; path = asl.swift; sourceTree = "<group>"; };
		A13D9801269786580075126B /* lda.swift */ = {isa = PBXFileReference; lastKnownFileType = sourcecode.swift; path = lda.swift; sourceTree = "<group>"; };
		A13D9803269794720075126B /* ldx.swift */ = {isa = PBXFileReference; lastKnownFileType = sourcecode.swift; path = ldx.swift; sourceTree = "<group>"; };
		A13D9805269794DA0075126B /* ldy.swift */ = {isa = PBXFileReference; lastKnownFileType = sourcecode.swift; path = ldy.swift; sourceTree = "<group>"; };
		A13D9807269794EE0075126B /* sta.swift */ = {isa = PBXFileReference; lastKnownFileType = sourcecode.swift; path = sta.swift; sourceTree = "<group>"; };
		A13D9809269794FF0075126B /* jmp.swift */ = {isa = PBXFileReference; lastKnownFileType = sourcecode.swift; path = jmp.swift; sourceTree = "<group>"; };
		A13D980B26979D280075126B /* stx.swift */ = {isa = PBXFileReference; lastKnownFileType = sourcecode.swift; path = stx.swift; sourceTree = "<group>"; };
		A13D980D26979DCE0075126B /* sty.swift */ = {isa = PBXFileReference; lastKnownFileType = sourcecode.swift; path = sty.swift; sourceTree = "<group>"; };
		A13D98152697A8690075126B /* asmx */ = {isa = PBXFileReference; lastKnownFileType = "compiled.mach-o.executable"; path = asmx; sourceTree = "<group>"; };
		A13D98162697AD290075126B /* source.swift */ = {isa = PBXFileReference; lastKnownFileType = sourcecode.swift; path = source.swift; sourceTree = "<group>"; };
		A13D98182697B9290075126B /* test.asm */ = {isa = PBXFileReference; lastKnownFileType = sourcecode.asm.asm; path = test.asm; sourceTree = "<group>"; };
		A13D9819269855C80075126B /* adc.swift */ = {isa = PBXFileReference; lastKnownFileType = sourcecode.swift; path = adc.swift; sourceTree = "<group>"; };
		A13D981B26988B750075126B /* and.swift */ = {isa = PBXFileReference; lastKnownFileType = sourcecode.swift; path = and.swift; sourceTree = "<group>"; };
		A17E5D65269C8A6C00EF04E2 /* transfer.swift */ = {isa = PBXFileReference; lastKnownFileType = sourcecode.swift; path = transfer.swift; sourceTree = "<group>"; };
		A17E5D67269C8C0F00EF04E2 /* branch.swift */ = {isa = PBXFileReference; lastKnownFileType = sourcecode.swift; path = branch.swift; sourceTree = "<group>"; };
		A1ACC00926A30A6700A93EA8 /* inc.swift */ = {isa = PBXFileReference; lastKnownFileType = sourcecode.swift; path = inc.swift; sourceTree = "<group>"; };
		A1ACC00B26A311BC00A93EA8 /* dec.swift */ = {isa = PBXFileReference; lastKnownFileType = sourcecode.swift; path = dec.swift; sourceTree = "<group>"; };
		A1B74DE5269DB4B9009E1B42 /* eor.swift */ = {isa = PBXFileReference; lastKnownFileType = sourcecode.swift; path = eor.swift; sourceTree = "<group>"; };
		A1B74DE7269DB771009E1B42 /* ora.swift */ = {isa = PBXFileReference; lastKnownFileType = sourcecode.swift; path = ora.swift; sourceTree = "<group>"; };
		A1B74DE9269DB7F1009E1B42 /* bit.swift */ = {isa = PBXFileReference; lastKnownFileType = sourcecode.swift; path = bit.swift; sourceTree = "<group>"; };
		A1FDA215269CD89E009B2EB3 /* status.swift */ = {isa = PBXFileReference; lastKnownFileType = sourcecode.swift; path = status.swift; sourceTree = "<group>"; };
/* End PBXFileReference section */

/* Begin PBXFrameworksBuildPhase section */
		A12484D12672A761009E07AB /* Frameworks */ = {
			isa = PBXFrameworksBuildPhase;
			buildActionMask = 2147483647;
			files = (
			);
			runOnlyForDeploymentPostprocessing = 0;
		};
/* End PBXFrameworksBuildPhase section */

/* Begin PBXGroup section */
		A12484CB2672A761009E07AB = {
			isa = PBXGroup;
			children = (
				A12484D62672A762009E07AB /* Swift8bit */,
				A12484D52672A762009E07AB /* Products */,
			);
			sourceTree = "<group>";
		};
		A12484D52672A762009E07AB /* Products */ = {
			isa = PBXGroup;
			children = (
				A12484D42672A762009E07AB /* Swift6502 */,
			);
			name = Products;
			sourceTree = "<group>";
		};
		A12484D62672A762009E07AB /* Swift8bit */ = {
			isa = PBXGroup;
			children = (
				A13D98102697A41A0075126B /* ASM */,
				A13D9800269786270075126B /* 6502 */,
				A13D98162697AD290075126B /* source.swift */,
				A12484D72672A762009E07AB /* main.swift */,
				A13D98152697A8690075126B /* asmx */,
			);
			path = Swift8bit;
			sourceTree = "<group>";
		};
		A13D9800269786270075126B /* 6502 */ = {
			isa = PBXGroup;
			children = (
				A12484DE2672A800009E07AB /* cpu.swift */,
				A13D9801269786580075126B /* lda.swift */,
				A13D9803269794720075126B /* ldx.swift */,
				A13D9805269794DA0075126B /* ldy.swift */,
				A13D9807269794EE0075126B /* sta.swift */,
				A13D980B26979D280075126B /* stx.swift */,
				A13D980D26979DCE0075126B /* sty.swift */,
				A13D9809269794FF0075126B /* jmp.swift */,
				A13D9819269855C80075126B /* adc.swift */,
				A1347109269DB99900F7842E /* sbc.swift */,
				A13D981B26988B750075126B /* and.swift */,
				A1B74DE5269DB4B9009E1B42 /* eor.swift */,
				A1B74DE7269DB771009E1B42 /* ora.swift */,
				A1389B012698907C00824375 /* asl.swift */,
				A1116EC9269E3EFD003B3C3F /* lsr.swift */,
				A1B74DE9269DB7F1009E1B42 /* bit.swift */,
				A134710B269DBC4500F7842E /* cmp.swift */,
				A1ACC00926A30A6700A93EA8 /* inc.swift */,
				A1ACC00B26A311BC00A93EA8 /* dec.swift */,
				A17E5D65269C8A6C00EF04E2 /* transfer.swift */,
				A17E5D67269C8C0F00EF04E2 /* branch.swift */,
				A1FDA215269CD89E009B2EB3 /* status.swift */,
			);
			path = 6502;
			sourceTree = "<group>";
		};
		A13D98102697A41A0075126B /* ASM */ = {
			isa = PBXGroup;
			children = (
				A13D98182697B9290075126B /* test.asm */,
			);
			path = ASM;
			sourceTree = "<group>";
		};
/* End PBXGroup section */

/* Begin PBXNativeTarget section */
		A12484D32672A761009E07AB /* Swift6502 */ = {
			isa = PBXNativeTarget;
			buildConfigurationList = A12484DB2672A762009E07AB /* Build configuration list for PBXNativeTarget "Swift6502" */;
			buildPhases = (
				A12484D02672A761009E07AB /* Sources */,
				A12484D12672A761009E07AB /* Frameworks */,
				A12484D22672A761009E07AB /* CopyFiles */,
				A13D98132697A4B30075126B /* ShellScript */,
			);
			buildRules = (
			);
			dependencies = (
			);
			name = Swift6502;
			productName = SFOT;
			productReference = A12484D42672A762009E07AB /* Swift6502 */;
			productType = "com.apple.product-type.tool";
		};
/* End PBXNativeTarget section */

/* Begin PBXProject section */
		A12484CC2672A761009E07AB /* Project object */ = {
			isa = PBXProject;
			attributes = {
				LastSwiftUpdateCheck = 1250;
				LastUpgradeCheck = 1250;
				TargetAttributes = {
					A12484D32672A761009E07AB = {
						CreatedOnToolsVersion = 12.5;
					};
				};
			};
			buildConfigurationList = A12484CF2672A761009E07AB /* Build configuration list for PBXProject "Swift6502" */;
			compatibilityVersion = "Xcode 9.3";
			developmentRegion = en;
			hasScannedForEncodings = 0;
			knownRegions = (
				en,
				Base,
			);
			mainGroup = A12484CB2672A761009E07AB;
			productRefGroup = A12484D52672A762009E07AB /* Products */;
			projectDirPath = "";
			projectRoot = "";
			targets = (
				A12484D32672A761009E07AB /* Swift6502 */,
			);
		};
/* End PBXProject section */

/* Begin PBXShellScriptBuildPhase section */
		A13D98132697A4B30075126B /* ShellScript */ = {
			isa = PBXShellScriptBuildPhase;
			alwaysOutOfDate = 1;
			buildActionMask = 2147483647;
			files = (
			);
			inputFileListPaths = (
			);
			inputPaths = (
				"",
			);
			outputFileListPaths = (
			);
			outputPaths = (
			);
			runOnlyForDeploymentPostprocessing = 0;
			shellPath = /bin/bash;
			shellScript = "FILES=\"Swift8bit/ASM/*.asm\"\nfor f in $FILES\ndo\n    Swift8bit/asmx -C 6502 -o $TARGET_BUILD_DIR/$(basename $f .asm).hex $f\ndone\n";
		};
/* End PBXShellScriptBuildPhase section */

/* Begin PBXSourcesBuildPhase section */
		A12484D02672A761009E07AB /* Sources */ = {
			isa = PBXSourcesBuildPhase;
			buildActionMask = 2147483647;
			files = (
				A13D9804269794720075126B /* ldx.swift in Sources */,
				A1116ECA269E3EFD003B3C3F /* lsr.swift in Sources */,
				A17E5D66269C8A6C00EF04E2 /* transfer.swift in Sources */,
				A13D981A269855C80075126B /* adc.swift in Sources */,
				A134710C269DBC4500F7842E /* cmp.swift in Sources */,
				A13D980E26979DCE0075126B /* sty.swift in Sources */,
				A13D980A269794FF0075126B /* jmp.swift in Sources */,
				A13D9806269794DA0075126B /* ldy.swift in Sources */,
				A13D98172697AD290075126B /* source.swift in Sources */,
				A1389B022698907C00824375 /* asl.swift in Sources */,
				A134710A269DB99900F7842E /* sbc.swift in Sources */,
				A17E5D68269C8C0F00EF04E2 /* branch.swift in Sources */,
				A1ACC00A26A30A6700A93EA8 /* inc.swift in Sources */,
				A13D980C26979D280075126B /* stx.swift in Sources */,
				A12484DF2672A800009E07AB /* cpu.swift in Sources */,
				A13D9802269786580075126B /* lda.swift in Sources */,
				A1ACC00C26A311BC00A93EA8 /* dec.swift in Sources */,
				A13D9808269794EE0075126B /* sta.swift in Sources */,
				A1B74DEA269DB7F1009E1B42 /* bit.swift in Sources */,
				A1B74DE6269DB4B9009E1B42 /* eor.swift in Sources */,
				A1FDA216269CD89E009B2EB3 /* status.swift in Sources */,
				A12484D82672A762009E07AB /* main.swift in Sources */,
				A1B74DE8269DB771009E1B42 /* ora.swift in Sources */,
				A13D981C26988B750075126B /* and.swift in Sources */,
			);
			runOnlyForDeploymentPostprocessing = 0;
		};
/* End PBXSourcesBuildPhase section */

/* Begin XCBuildConfiguration section */
		A12484D92672A762009E07AB /* Debug */ = {
			isa = XCBuildConfiguration;
			buildSettings = {
				ALWAYS_SEARCH_USER_PATHS = NO;
				CLANG_ANALYZER_NONNULL = YES;
				CLANG_ANALYZER_NUMBER_OBJECT_CONVERSION = YES_AGGRESSIVE;
				CLANG_CXX_LANGUAGE_STANDARD = "gnu++14";
				CLANG_CXX_LIBRARY = "libc++";
				CLANG_ENABLE_MODULES = YES;
				CLANG_ENABLE_OBJC_ARC = YES;
				CLANG_ENABLE_OBJC_WEAK = YES;
				CLANG_WARN_BLOCK_CAPTURE_AUTORELEASING = YES;
				CLANG_WARN_BOOL_CONVERSION = YES;
				CLANG_WARN_COMMA = YES;
				CLANG_WARN_CONSTANT_CONVERSION = YES;
				CLANG_WARN_DEPRECATED_OBJC_IMPLEMENTATIONS = YES;
				CLANG_WARN_DIRECT_OBJC_ISA_USAGE = YES_ERROR;
				CLANG_WARN_DOCUMENTATION_COMMENTS = YES;
				CLANG_WARN_EMPTY_BODY = YES;
				CLANG_WARN_ENUM_CONVERSION = YES;
				CLANG_WARN_INFINITE_RECURSION = YES;
				CLANG_WARN_INT_CONVERSION = YES;
				CLANG_WARN_NON_LITERAL_NULL_CONVERSION = YES;
				CLANG_WARN_OBJC_IMPLICIT_RETAIN_SELF = YES;
				CLANG_WARN_OBJC_LITERAL_CONVERSION = YES;
				CLANG_WARN_OBJC_ROOT_CLASS = YES_ERROR;
				CLANG_WARN_QUOTED_INCLUDE_IN_FRAMEWORK_HEADER = YES;
				CLANG_WARN_RANGE_LOOP_ANALYSIS = YES;
				CLANG_WARN_STRICT_PROTOTYPES = YES;
				CLANG_WARN_SUSPICIOUS_MOVE = YES;
				CLANG_WARN_UNGUARDED_AVAILABILITY = YES_AGGRESSIVE;
				CLANG_WARN_UNREACHABLE_CODE = YES;
				CLANG_WARN__DUPLICATE_METHOD_MATCH = YES;
				COPY_PHASE_STRIP = NO;
				DEBUG_INFORMATION_FORMAT = dwarf;
				ENABLE_STRICT_OBJC_MSGSEND = YES;
				ENABLE_TESTABILITY = YES;
				GCC_C_LANGUAGE_STANDARD = gnu11;
				GCC_DYNAMIC_NO_PIC = NO;
				GCC_NO_COMMON_BLOCKS = YES;
				GCC_OPTIMIZATION_LEVEL = 0;
				GCC_PREPROCESSOR_DEFINITIONS = (
					"DEBUG=1",
					"$(inherited)",
				);
				GCC_WARN_64_TO_32_BIT_CONVERSION = YES;
				GCC_WARN_ABOUT_RETURN_TYPE = YES_ERROR;
				GCC_WARN_UNDECLARED_SELECTOR = YES;
				GCC_WARN_UNINITIALIZED_AUTOS = YES_AGGRESSIVE;
				GCC_WARN_UNUSED_FUNCTION = YES;
				GCC_WARN_UNUSED_VARIABLE = YES;
				MACOSX_DEPLOYMENT_TARGET = 11.3;
				MTL_ENABLE_DEBUG_INFO = INCLUDE_SOURCE;
				MTL_FAST_MATH = YES;
				ONLY_ACTIVE_ARCH = YES;
				SDKROOT = macosx;
				SWIFT_ACTIVE_COMPILATION_CONDITIONS = DEBUG;
				SWIFT_OPTIMIZATION_LEVEL = "-Onone";
			};
			name = Debug;
		};
		A12484DA2672A762009E07AB /* Release */ = {
			isa = XCBuildConfiguration;
			buildSettings = {
				ALWAYS_SEARCH_USER_PATHS = NO;
				CLANG_ANALYZER_NONNULL = YES;
				CLANG_ANALYZER_NUMBER_OBJECT_CONVERSION = YES_AGGRESSIVE;
				CLANG_CXX_LANGUAGE_STANDARD = "gnu++14";
				CLANG_CXX_LIBRARY = "libc++";
				CLANG_ENABLE_MODULES = YES;
				CLANG_ENABLE_OBJC_ARC = YES;
				CLANG_ENABLE_OBJC_WEAK = YES;
				CLANG_WARN_BLOCK_CAPTURE_AUTORELEASING = YES;
				CLANG_WARN_BOOL_CONVERSION = YES;
				CLANG_WARN_COMMA = YES;
				CLANG_WARN_CONSTANT_CONVERSION = YES;
				CLANG_WARN_DEPRECATED_OBJC_IMPLEMENTATIONS = YES;
				CLANG_WARN_DIRECT_OBJC_ISA_USAGE = YES_ERROR;
				CLANG_WARN_DOCUMENTATION_COMMENTS = YES;
				CLANG_WARN_EMPTY_BODY = YES;
				CLANG_WARN_ENUM_CONVERSION = YES;
				CLANG_WARN_INFINITE_RECURSION = YES;
				CLANG_WARN_INT_CONVERSION = YES;
				CLANG_WARN_NON_LITERAL_NULL_CONVERSION = YES;
				CLANG_WARN_OBJC_IMPLICIT_RETAIN_SELF = YES;
				CLANG_WARN_OBJC_LITERAL_CONVERSION = YES;
				CLANG_WARN_OBJC_ROOT_CLASS = YES_ERROR;
				CLANG_WARN_QUOTED_INCLUDE_IN_FRAMEWORK_HEADER = YES;
				CLANG_WARN_RANGE_LOOP_ANALYSIS = YES;
				CLANG_WARN_STRICT_PROTOTYPES = YES;
				CLANG_WARN_SUSPICIOUS_MOVE = YES;
				CLANG_WARN_UNGUARDED_AVAILABILITY = YES_AGGRESSIVE;
				CLANG_WARN_UNREACHABLE_CODE = YES;
				CLANG_WARN__DUPLICATE_METHOD_MATCH = YES;
				COPY_PHASE_STRIP = NO;
				DEBUG_INFORMATION_FORMAT = "dwarf-with-dsym";
				ENABLE_NS_ASSERTIONS = NO;
				ENABLE_STRICT_OBJC_MSGSEND = YES;
				GCC_C_LANGUAGE_STANDARD = gnu11;
				GCC_NO_COMMON_BLOCKS = YES;
				GCC_WARN_64_TO_32_BIT_CONVERSION = YES;
				GCC_WARN_ABOUT_RETURN_TYPE = YES_ERROR;
				GCC_WARN_UNDECLARED_SELECTOR = YES;
				GCC_WARN_UNINITIALIZED_AUTOS = YES_AGGRESSIVE;
				GCC_WARN_UNUSED_FUNCTION = YES;
				GCC_WARN_UNUSED_VARIABLE = YES;
				MACOSX_DEPLOYMENT_TARGET = 11.3;
				MTL_ENABLE_DEBUG_INFO = NO;
				MTL_FAST_MATH = YES;
				SDKROOT = macosx;
				SWIFT_COMPILATION_MODE = wholemodule;
				SWIFT_OPTIMIZATION_LEVEL = "-O";
			};
			name = Release;
		};
		A12484DC2672A762009E07AB /* Debug */ = {
			isa = XCBuildConfiguration;
			buildSettings = {
				CODE_SIGN_STYLE = Automatic;
				PRODUCT_NAME = "$(TARGET_NAME)";
				SWIFT_VERSION = 5.0;
			};
			name = Debug;
		};
		A12484DD2672A762009E07AB /* Release */ = {
			isa = XCBuildConfiguration;
			buildSettings = {
				CODE_SIGN_STYLE = Automatic;
				PRODUCT_NAME = "$(TARGET_NAME)";
				SWIFT_VERSION = 5.0;
			};
			name = Release;
		};
/* End XCBuildConfiguration section */

/* Begin XCConfigurationList section */
		A12484CF2672A761009E07AB /* Build configuration list for PBXProject "Swift6502" */ = {
			isa = XCConfigurationList;
			buildConfigurations = (
				A12484D92672A762009E07AB /* Debug */,
				A12484DA2672A762009E07AB /* Release */,
			);
			defaultConfigurationIsVisible = 0;
			defaultConfigurationName = Release;
		};
		A12484DB2672A762009E07AB /* Build configuration list for PBXNativeTarget "Swift6502" */ = {
			isa = XCConfigurationList;
			buildConfigurations = (
				A12484DC2672A762009E07AB /* Debug */,
				A12484DD2672A762009E07AB /* Release */,
			);
			defaultConfigurationIsVisible = 0;
			defaultConfigurationName = Release;
		};
/* End XCConfigurationList section */
	};
	rootObject = A12484CC2672A761009E07AB /* Project object */;
}
